
Microsoft Visual Studio Solution File, Format Version 12.00
# Visual Studio Version 16
VisualStudioVersion = 16.0.32413.511
MinimumVisualStudioVersion = 10.0.40219.1
Project("{FAE04EC0-301F-11D3-BF4B-00C04F79EFBC}") = "appejercicio9", "appejercicio9\appejercicio9.csproj", "{09617830-B288-4848-849E-D6A252F50EEF}"
EndProject
Global
	GlobalSection(SolutionConfigurationPlatforms) = preSolution
		Debug|Any CPU = Debug|Any CPU
		Release|Any CPU = Release|Any CPU
	EndGlobalSection
	GlobalSection(ProjectConfigurationPlatforms) = postSolution
		{09617830-B288-4848-849E-D6A252F50EEF}.Debug|Any CPU.ActiveCfg = Debug|Any CPU
		{09617830-B288-4848-849E-D6A252F50EEF}.Debug|Any CPU.Build.0 = Debug|Any CPU
		{09617830-B288-4848-849E-D6A252F50EEF}.Release|Any CPU.ActiveCfg = Release|Any CPU
		{09617830-B288-4848-849E-D6A252F50EEF}.Release|Any CPU.Build.0 = Release|Any CPU
	EndGlobalSection
	GlobalSection(SolutionProperties) = preSolution
		HideSolutionNode = FALSE
	EndGlobalSection
	GlobalSection(ExtensibilityGlobals) = postSolution
		SolutionGuid = {ED012F3A-EDF6-448C-B742-9EBF8736D3EB}
	EndGlobalSection
EndGlobal
